// !$*UTF8*$!
{
	archiveVersion = 1;
	classes = {
	};
	objectVersion = 50;
	objects = {

/* Begin PBXBuildFile section */
		24129F2F261B78E3004502F1 /* AppDelegate.swift in Sources */ = {isa = PBXBuildFile; fileRef = 24129F2E261B78E3004502F1 /* AppDelegate.swift */; };
		24129F31261B78E3004502F1 /* SceneDelegate.swift in Sources */ = {isa = PBXBuildFile; fileRef = 24129F30261B78E3004502F1 /* SceneDelegate.swift */; };
		24129F33261B78E3004502F1 /* ViewController.swift in Sources */ = {isa = PBXBuildFile; fileRef = 24129F32261B78E3004502F1 /* ViewController.swift */; };
		24129F36261B78E3004502F1 /* Main.storyboard in Resources */ = {isa = PBXBuildFile; fileRef = 24129F34261B78E3004502F1 /* Main.storyboard */; };
		24129F38261B78E3004502F1 /* Assets.xcassets in Resources */ = {isa = PBXBuildFile; fileRef = 24129F37261B78E3004502F1 /* Assets.xcassets */; };
		24129F3B261B78E3004502F1 /* LaunchScreen.storyboard in Resources */ = {isa = PBXBuildFile; fileRef = 24129F39261B78E3004502F1 /* LaunchScreen.storyboard */; };
		24129F44261B7DC7004502F1 /* StartViewController.swift in Sources */ = {isa = PBXBuildFile; fileRef = 24129F43261B7DC7004502F1 /* StartViewController.swift */; };
		24129F47261B8109004502F1 /* SignUpViewController.swift in Sources */ = {isa = PBXBuildFile; fileRef = 24129F46261B8109004502F1 /* SignUpViewController.swift */; };
		24737E382632989500990DB8 /* Friend.storyboard in Resources */ = {isa = PBXBuildFile; fileRef = 24737E372632989500990DB8 /* Friend.storyboard */; };
		24737E3B2632994F00990DB8 /* FriendViewController.swift in Sources */ = {isa = PBXBuildFile; fileRef = 24737E3A2632994F00990DB8 /* FriendViewController.swift */; };
		24737E3E26329B5800990DB8 /* KakaoTabBarController.swift in Sources */ = {isa = PBXBuildFile; fileRef = 24737E3D26329B5800990DB8 /* KakaoTabBarController.swift */; };
		24737E432632A06600990DB8 /* Profile.storyboard in Resources */ = {isa = PBXBuildFile; fileRef = 24737E422632A06600990DB8 /* Profile.storyboard */; };
		24737E462632A33400990DB8 /* ProfileViewController.swift in Sources */ = {isa = PBXBuildFile; fileRef = 24737E452632A33400990DB8 /* ProfileViewController.swift */; };
		24737E492632ABB600990DB8 /* ProfileModalPresentationController.swift in Sources */ = {isa = PBXBuildFile; fileRef = 24737E482632ABB600990DB8 /* ProfileModalPresentationController.swift */; };
		24848F8C2645328600B55159 /* Chat.storyboard in Resources */ = {isa = PBXBuildFile; fileRef = 24848F8B2645328600B55159 /* Chat.storyboard */; };
		24848F8F2645328C00B55159 /* Hash.storyboard in Resources */ = {isa = PBXBuildFile; fileRef = 24848F8E2645328C00B55159 /* Hash.storyboard */; };
		24848F922645329500B55159 /* Shopping.storyboard in Resources */ = {isa = PBXBuildFile; fileRef = 24848F912645329500B55159 /* Shopping.storyboard */; };
		24848F95264532A000B55159 /* More.storyboard in Resources */ = {isa = PBXBuildFile; fileRef = 24848F94264532A000B55159 /* More.storyboard */; };
		24848F98264532BF00B55159 /* TabBar.storyboard in Resources */ = {isa = PBXBuildFile; fileRef = 24848F97264532BF00B55159 /* TabBar.storyboard */; };
		24848F9B264535AF00B55159 /* ChatViewController.swift in Sources */ = {isa = PBXBuildFile; fileRef = 24848F9A264535AF00B55159 /* ChatViewController.swift */; };
		24848F9E264535B900B55159 /* HashViewController.swift in Sources */ = {isa = PBXBuildFile; fileRef = 24848F9D264535B900B55159 /* HashViewController.swift */; };
		24848FA1264535C300B55159 /* ShoppingViewController.swift in Sources */ = {isa = PBXBuildFile; fileRef = 24848FA0264535C300B55159 /* ShoppingViewController.swift */; };
		24848FA4264535CB00B55159 /* MoreViewController.swift in Sources */ = {isa = PBXBuildFile; fileRef = 24848FA3264535CB00B55159 /* MoreViewController.swift */; };
		24848FAA2645397800B55159 /* FriendTableViewCell.swift in Sources */ = {isa = PBXBuildFile; fileRef = 24848FA82645397800B55159 /* FriendTableViewCell.swift */; };
		24848FAB2645397800B55159 /* FriendTableViewCell.xib in Resources */ = {isa = PBXBuildFile; fileRef = 24848FA92645397800B55159 /* FriendTableViewCell.xib */; };
		24848FAE26453E6000B55159 /* FriendDataModel.swift in Sources */ = {isa = PBXBuildFile; fileRef = 24848FAD26453E6000B55159 /* FriendDataModel.swift */; };
/* End PBXBuildFile section */

/* Begin PBXFileReference section */
		24129F2B261B78E3004502F1 /* First Assignment.app */ = {isa = PBXFileReference; explicitFileType = wrapper.application; includeInIndex = 0; path = "First Assignment.app"; sourceTree = BUILT_PRODUCTS_DIR; };
		24129F2E261B78E3004502F1 /* AppDelegate.swift */ = {isa = PBXFileReference; lastKnownFileType = sourcecode.swift; path = AppDelegate.swift; sourceTree = "<group>"; };
		24129F30261B78E3004502F1 /* SceneDelegate.swift */ = {isa = PBXFileReference; lastKnownFileType = sourcecode.swift; path = SceneDelegate.swift; sourceTree = "<group>"; };
		24129F32261B78E3004502F1 /* ViewController.swift */ = {isa = PBXFileReference; lastKnownFileType = sourcecode.swift; path = ViewController.swift; sourceTree = "<group>"; };
		24129F35261B78E3004502F1 /* Base */ = {isa = PBXFileReference; lastKnownFileType = file.storyboard; name = Base; path = Base.lproj/Main.storyboard; sourceTree = "<group>"; };
		24129F37261B78E3004502F1 /* Assets.xcassets */ = {isa = PBXFileReference; lastKnownFileType = folder.assetcatalog; path = Assets.xcassets; sourceTree = "<group>"; };
		24129F3A261B78E3004502F1 /* Base */ = {isa = PBXFileReference; lastKnownFileType = file.storyboard; name = Base; path = Base.lproj/LaunchScreen.storyboard; sourceTree = "<group>"; };
		24129F3C261B78E3004502F1 /* Info.plist */ = {isa = PBXFileReference; lastKnownFileType = text.plist.xml; path = Info.plist; sourceTree = "<group>"; };
		24129F43261B7DC7004502F1 /* StartViewController.swift */ = {isa = PBXFileReference; lastKnownFileType = sourcecode.swift; path = StartViewController.swift; sourceTree = "<group>"; };
		24129F46261B8109004502F1 /* SignUpViewController.swift */ = {isa = PBXFileReference; lastKnownFileType = sourcecode.swift; path = SignUpViewController.swift; sourceTree = "<group>"; };
		24737E372632989500990DB8 /* Friend.storyboard */ = {isa = PBXFileReference; lastKnownFileType = file.storyboard; path = Friend.storyboard; sourceTree = "<group>"; };
		24737E3A2632994F00990DB8 /* FriendViewController.swift */ = {isa = PBXFileReference; lastKnownFileType = sourcecode.swift; path = FriendViewController.swift; sourceTree = "<group>"; };
		24737E3D26329B5800990DB8 /* KakaoTabBarController.swift */ = {isa = PBXFileReference; lastKnownFileType = sourcecode.swift; path = KakaoTabBarController.swift; sourceTree = "<group>"; };
		24737E422632A06600990DB8 /* Profile.storyboard */ = {isa = PBXFileReference; lastKnownFileType = file.storyboard; path = Profile.storyboard; sourceTree = "<group>"; };
		24737E452632A33400990DB8 /* ProfileViewController.swift */ = {isa = PBXFileReference; lastKnownFileType = sourcecode.swift; path = ProfileViewController.swift; sourceTree = "<group>"; };
		24737E482632ABB600990DB8 /* ProfileModalPresentationController.swift */ = {isa = PBXFileReference; lastKnownFileType = sourcecode.swift; path = ProfileModalPresentationController.swift; sourceTree = "<group>"; };
		24848F8B2645328600B55159 /* Chat.storyboard */ = {isa = PBXFileReference; lastKnownFileType = file.storyboard; path = Chat.storyboard; sourceTree = "<group>"; };
		24848F8E2645328C00B55159 /* Hash.storyboard */ = {isa = PBXFileReference; lastKnownFileType = file.storyboard; path = Hash.storyboard; sourceTree = "<group>"; };
		24848F912645329500B55159 /* Shopping.storyboard */ = {isa = PBXFileReference; lastKnownFileType = file.storyboard; path = Shopping.storyboard; sourceTree = "<group>"; };
		24848F94264532A000B55159 /* More.storyboard */ = {isa = PBXFileReference; lastKnownFileType = file.storyboard; path = More.storyboard; sourceTree = "<group>"; };
		24848F97264532BF00B55159 /* TabBar.storyboard */ = {isa = PBXFileReference; lastKnownFileType = file.storyboard; path = TabBar.storyboard; sourceTree = "<group>"; };
		24848F9A264535AF00B55159 /* ChatViewController.swift */ = {isa = PBXFileReference; lastKnownFileType = sourcecode.swift; path = ChatViewController.swift; sourceTree = "<group>"; };
		24848F9D264535B900B55159 /* HashViewController.swift */ = {isa = PBXFileReference; lastKnownFileType = sourcecode.swift; path = HashViewController.swift; sourceTree = "<group>"; };
		24848FA0264535C300B55159 /* ShoppingViewController.swift */ = {isa = PBXFileReference; lastKnownFileType = sourcecode.swift; path = ShoppingViewController.swift; sourceTree = "<group>"; };
		24848FA3264535CB00B55159 /* MoreViewController.swift */ = {isa = PBXFileReference; lastKnownFileType = sourcecode.swift; path = MoreViewController.swift; sourceTree = "<group>"; };
		24848FA82645397800B55159 /* FriendTableViewCell.swift */ = {isa = PBXFileReference; lastKnownFileType = sourcecode.swift; path = FriendTableViewCell.swift; sourceTree = "<group>"; };
		24848FA92645397800B55159 /* FriendTableViewCell.xib */ = {isa = PBXFileReference; lastKnownFileType = file.xib; path = FriendTableViewCell.xib; sourceTree = "<group>"; };
		24848FAD26453E6000B55159 /* FriendDataModel.swift */ = {isa = PBXFileReference; lastKnownFileType = sourcecode.swift; path = FriendDataModel.swift; sourceTree = "<group>"; };
/* End PBXFileReference section */

/* Begin PBXFrameworksBuildPhase section */
		24129F28261B78E3004502F1 /* Frameworks */ = {
			isa = PBXFrameworksBuildPhase;
			buildActionMask = 2147483647;
			files = (
			);
			runOnlyForDeploymentPostprocessing = 0;
		};
/* End PBXFrameworksBuildPhase section */

/* Begin PBXGroup section */
		24129F22261B78E3004502F1 = {
			isa = PBXGroup;
			children = (
				24129F2D261B78E3004502F1 /* First Assignment */,
				24129F2C261B78E3004502F1 /* Products */,
			);
			sourceTree = "<group>";
		};
		24129F2C261B78E3004502F1 /* Products */ = {
			isa = PBXGroup;
			children = (
				24129F2B261B78E3004502F1 /* First Assignment.app */,
			);
			name = Products;
			sourceTree = "<group>";
		};
		24129F2D261B78E3004502F1 /* First Assignment */ = {
			isa = PBXGroup;
			children = (
				24129F2E261B78E3004502F1 /* AppDelegate.swift */,
				24129F30261B78E3004502F1 /* SceneDelegate.swift */,
				24129F32261B78E3004502F1 /* ViewController.swift */,
				24129F34261B78E3004502F1 /* Main.storyboard */,
				24129F37261B78E3004502F1 /* Assets.xcassets */,
				24129F39261B78E3004502F1 /* LaunchScreen.storyboard */,
				24129F3C261B78E3004502F1 /* Info.plist */,
				24129F43261B7DC7004502F1 /* StartViewController.swift */,
				24129F46261B8109004502F1 /* SignUpViewController.swift */,
				24737E372632989500990DB8 /* Friend.storyboard */,
				24737E3A2632994F00990DB8 /* FriendViewController.swift */,
				24737E3D26329B5800990DB8 /* KakaoTabBarController.swift */,
				24737E422632A06600990DB8 /* Profile.storyboard */,
				24737E452632A33400990DB8 /* ProfileViewController.swift */,
				24737E482632ABB600990DB8 /* ProfileModalPresentationController.swift */,
				24848F8B2645328600B55159 /* Chat.storyboard */,
				24848F8E2645328C00B55159 /* Hash.storyboard */,
				24848F912645329500B55159 /* Shopping.storyboard */,
				24848F94264532A000B55159 /* More.storyboard */,
				24848F97264532BF00B55159 /* TabBar.storyboard */,
				24848F9A264535AF00B55159 /* ChatViewController.swift */,
				24848F9D264535B900B55159 /* HashViewController.swift */,
				24848FA0264535C300B55159 /* ShoppingViewController.swift */,
				24848FA3264535CB00B55159 /* MoreViewController.swift */,
				24848FA82645397800B55159 /* FriendTableViewCell.swift */,
				24848FA92645397800B55159 /* FriendTableViewCell.xib */,
				24848FAD26453E6000B55159 /* FriendDataModel.swift */,
			);
			path = "First Assignment";
			sourceTree = "<group>";
		};
/* End PBXGroup section */

/* Begin PBXNativeTarget section */
		24129F2A261B78E3004502F1 /* First Assignment */ = {
			isa = PBXNativeTarget;
			buildConfigurationList = 24129F3F261B78E3004502F1 /* Build configuration list for PBXNativeTarget "First Assignment" */;
			buildPhases = (
				24129F27261B78E3004502F1 /* Sources */,
				24129F28261B78E3004502F1 /* Frameworks */,
				24129F29261B78E3004502F1 /* Resources */,
			);
			buildRules = (
			);
			dependencies = (
			);
			name = "First Assignment";
			productName = "First Assignment";
			productReference = 24129F2B261B78E3004502F1 /* First Assignment.app */;
			productType = "com.apple.product-type.application";
		};
/* End PBXNativeTarget section */

/* Begin PBXProject section */
		24129F23261B78E3004502F1 /* Project object */ = {
			isa = PBXProject;
			attributes = {
				LastSwiftUpdateCheck = 1240;
				LastUpgradeCheck = 1240;
				TargetAttributes = {
					24129F2A261B78E3004502F1 = {
						CreatedOnToolsVersion = 12.4;
					};
				};
			};
			buildConfigurationList = 24129F26261B78E3004502F1 /* Build configuration list for PBXProject "First Assignment" */;
			compatibilityVersion = "Xcode 9.3";
			developmentRegion = en;
			hasScannedForEncodings = 0;
			knownRegions = (
				en,
				Base,
			);
			mainGroup = 24129F22261B78E3004502F1;
			productRefGroup = 24129F2C261B78E3004502F1 /* Products */;
			projectDirPath = "";
			projectRoot = "";
			targets = (
				24129F2A261B78E3004502F1 /* First Assignment */,
			);
		};
/* End PBXProject section */

/* Begin PBXResourcesBuildPhase section */
		24129F29261B78E3004502F1 /* Resources */ = {
			isa = PBXResourcesBuildPhase;
			buildActionMask = 2147483647;
			files = (
				24848F98264532BF00B55159 /* TabBar.storyboard in Resources */,
				24848F8F2645328C00B55159 /* Hash.storyboard in Resources */,
				24848F8C2645328600B55159 /* Chat.storyboard in Resources */,
				24848F922645329500B55159 /* Shopping.storyboard in Resources */,
				24737E382632989500990DB8 /* Friend.storyboard in Resources */,
				24129F3B261B78E3004502F1 /* LaunchScreen.storyboard in Resources */,
				24848F95264532A000B55159 /* More.storyboard in Resources */,
				24737E432632A06600990DB8 /* Profile.storyboard in Resources */,
				24129F38261B78E3004502F1 /* Assets.xcassets in Resources */,
				24129F36261B78E3004502F1 /* Main.storyboard in Resources */,
				24848FAB2645397800B55159 /* FriendTableViewCell.xib in Resources */,
			);
			runOnlyForDeploymentPostprocessing = 0;
		};
/* End PBXResourcesBuildPhase section */

/* Begin PBXSourcesBuildPhase section */
		24129F27261B78E3004502F1 /* Sources */ = {
			isa = PBXSourcesBuildPhase;
			buildActionMask = 2147483647;
			files = (
				24129F33261B78E3004502F1 /* ViewController.swift in Sources */,
				24129F44261B7DC7004502F1 /* StartViewController.swift in Sources */,
				24129F2F261B78E3004502F1 /* AppDelegate.swift in Sources */,
				24848FA4264535CB00B55159 /* MoreViewController.swift in Sources */,
				24737E3B2632994F00990DB8 /* FriendViewController.swift in Sources */,
				24737E3E26329B5800990DB8 /* KakaoTabBarController.swift in Sources */,
				24848F9E264535B900B55159 /* HashViewController.swift in Sources */,
				24848FAE26453E6000B55159 /* FriendDataModel.swift in Sources */,
				24129F31261B78E3004502F1 /* SceneDelegate.swift in Sources */,
				24737E462632A33400990DB8 /* ProfileViewController.swift in Sources */,
				24129F47261B8109004502F1 /* SignUpViewController.swift in Sources */,
				24848F9B264535AF00B55159 /* ChatViewController.swift in Sources */,
				24848FA1264535C300B55159 /* ShoppingViewController.swift in Sources */,
				24737E492632ABB600990DB8 /* ProfileModalPresentationController.swift in Sources */,
				24848FAA2645397800B55159 /* FriendTableViewCell.swift in Sources */,
			);
			runOnlyForDeploymentPostprocessing = 0;
		};
/* End PBXSourcesBuildPhase section */

/* Begin PBXVariantGroup section */
		24129F34261B78E3004502F1 /* Main.storyboard */ = {
			isa = PBXVariantGroup;
			children = (
				24129F35261B78E3004502F1 /* Base */,
			);
			name = Main.storyboard;
			sourceTree = "<group>";
		};
		24129F39261B78E3004502F1 /* LaunchScreen.storyboard */ = {
			isa = PBXVariantGroup;
			children = (
				24129F3A261B78E3004502F1 /* Base */,
			);
			name = LaunchScreen.storyboard;
			sourceTree = "<group>";
		};
/* End PBXVariantGroup section */

/* Begin XCBuildConfiguration section */
		24129F3D261B78E3004502F1 /* Debug */ = {
			isa = XCBuildConfiguration;
			buildSettings = {
				ALWAYS_SEARCH_USER_PATHS = NO;
				CLANG_ANALYZER_NONNULL = YES;
				CLANG_ANALYZER_NUMBER_OBJECT_CONVERSION = YES_AGGRESSIVE;
				CLANG_CXX_LANGUAGE_STANDARD = "gnu++14";
				CLANG_CXX_LIBRARY = "libc++";
				CLANG_ENABLE_MODULES = YES;
				CLANG_ENABLE_OBJC_ARC = YES;
				CLANG_ENABLE_OBJC_WEAK = YES;
				CLANG_WARN_BLOCK_CAPTURE_AUTORELEASING = YES;
				CLANG_WARN_BOOL_CONVERSION = YES;
				CLANG_WARN_COMMA = YES;
				CLANG_WARN_CONSTANT_CONVERSION = YES;
				CLANG_WARN_DEPRECATED_OBJC_IMPLEMENTATIONS = YES;
				CLANG_WARN_DIRECT_OBJC_ISA_USAGE = YES_ERROR;
				CLANG_WARN_DOCUMENTATION_COMMENTS = YES;
				CLANG_WARN_EMPTY_BODY = YES;
				CLANG_WARN_ENUM_CONVERSION = YES;
				CLANG_WARN_INFINITE_RECURSION = YES;
				CLANG_WARN_INT_CONVERSION = YES;
				CLANG_WARN_NON_LITERAL_NULL_CONVERSION = YES;
				CLANG_WARN_OBJC_IMPLICIT_RETAIN_SELF = YES;
				CLANG_WARN_OBJC_LITERAL_CONVERSION = YES;
				CLANG_WARN_OBJC_ROOT_CLASS = YES_ERROR;
				CLANG_WARN_QUOTED_INCLUDE_IN_FRAMEWORK_HEADER = YES;
				CLANG_WARN_RANGE_LOOP_ANALYSIS = YES;
				CLANG_WARN_STRICT_PROTOTYPES = YES;
				CLANG_WARN_SUSPICIOUS_MOVE = YES;
				CLANG_WARN_UNGUARDED_AVAILABILITY = YES_AGGRESSIVE;
				CLANG_WARN_UNREACHABLE_CODE = YES;
				CLANG_WARN__DUPLICATE_METHOD_MATCH = YES;
				COPY_PHASE_STRIP = NO;
				DEBUG_INFORMATION_FORMAT = dwarf;
				ENABLE_STRICT_OBJC_MSGSEND = YES;
				ENABLE_TESTABILITY = YES;
				GCC_C_LANGUAGE_STANDARD = gnu11;
				GCC_DYNAMIC_NO_PIC = NO;
				GCC_NO_COMMON_BLOCKS = YES;
				GCC_OPTIMIZATION_LEVEL = 0;
				GCC_PREPROCESSOR_DEFINITIONS = (
					"DEBUG=1",
					"$(inherited)",
				);
				GCC_WARN_64_TO_32_BIT_CONVERSION = YES;
				GCC_WARN_ABOUT_RETURN_TYPE = YES_ERROR;
				GCC_WARN_UNDECLARED_SELECTOR = YES;
				GCC_WARN_UNINITIALIZED_AUTOS = YES_AGGRESSIVE;
				GCC_WARN_UNUSED_FUNCTION = YES;
				GCC_WARN_UNUSED_VARIABLE = YES;
				IPHONEOS_DEPLOYMENT_TARGET = 14.4;
				MTL_ENABLE_DEBUG_INFO = INCLUDE_SOURCE;
				MTL_FAST_MATH = YES;
				ONLY_ACTIVE_ARCH = YES;
				SDKROOT = iphoneos;
				SWIFT_ACTIVE_COMPILATION_CONDITIONS = DEBUG;
				SWIFT_OPTIMIZATION_LEVEL = "-Onone";
			};
			name = Debug;
		};
		24129F3E261B78E3004502F1 /* Release */ = {
			isa = XCBuildConfiguration;
			buildSettings = {
				ALWAYS_SEARCH_USER_PATHS = NO;
				CLANG_ANALYZER_NONNULL = YES;
				CLANG_ANALYZER_NUMBER_OBJECT_CONVERSION = YES_AGGRESSIVE;
				CLANG_CXX_LANGUAGE_STANDARD = "gnu++14";
				CLANG_CXX_LIBRARY = "libc++";
				CLANG_ENABLE_MODULES = YES;
				CLANG_ENABLE_OBJC_ARC = YES;
				CLANG_ENABLE_OBJC_WEAK = YES;
				CLANG_WARN_BLOCK_CAPTURE_AUTORELEASING = YES;
				CLANG_WARN_BOOL_CONVERSION = YES;
				CLANG_WARN_COMMA = YES;
				CLANG_WARN_CONSTANT_CONVERSION = YES;
				CLANG_WARN_DEPRECATED_OBJC_IMPLEMENTATIONS = YES;
				CLANG_WARN_DIRECT_OBJC_ISA_USAGE = YES_ERROR;
				CLANG_WARN_DOCUMENTATION_COMMENTS = YES;
				CLANG_WARN_EMPTY_BODY = YES;
				CLANG_WARN_ENUM_CONVERSION = YES;
				CLANG_WARN_INFINITE_RECURSION = YES;
				CLANG_WARN_INT_CONVERSION = YES;
				CLANG_WARN_NON_LITERAL_NULL_CONVERSION = YES;
				CLANG_WARN_OBJC_IMPLICIT_RETAIN_SELF = YES;
				CLANG_WARN_OBJC_LITERAL_CONVERSION = YES;
				CLANG_WARN_OBJC_ROOT_CLASS = YES_ERROR;
				CLANG_WARN_QUOTED_INCLUDE_IN_FRAMEWORK_HEADER = YES;
				CLANG_WARN_RANGE_LOOP_ANALYSIS = YES;
				CLANG_WARN_STRICT_PROTOTYPES = YES;
				CLANG_WARN_SUSPICIOUS_MOVE = YES;
				CLANG_WARN_UNGUARDED_AVAILABILITY = YES_AGGRESSIVE;
				CLANG_WARN_UNREACHABLE_CODE = YES;
				CLANG_WARN__DUPLICATE_METHOD_MATCH = YES;
				COPY_PHASE_STRIP = NO;
				DEBUG_INFORMATION_FORMAT = "dwarf-with-dsym";
				ENABLE_NS_ASSERTIONS = NO;
				ENABLE_STRICT_OBJC_MSGSEND = YES;
				GCC_C_LANGUAGE_STANDARD = gnu11;
				GCC_NO_COMMON_BLOCKS = YES;
				GCC_WARN_64_TO_32_BIT_CONVERSION = YES;
				GCC_WARN_ABOUT_RETURN_TYPE = YES_ERROR;
				GCC_WARN_UNDECLARED_SELECTOR = YES;
				GCC_WARN_UNINITIALIZED_AUTOS = YES_AGGRESSIVE;
				GCC_WARN_UNUSED_FUNCTION = YES;
				GCC_WARN_UNUSED_VARIABLE = YES;
				IPHONEOS_DEPLOYMENT_TARGET = 14.4;
				MTL_ENABLE_DEBUG_INFO = NO;
				MTL_FAST_MATH = YES;
				SDKROOT = iphoneos;
				SWIFT_COMPILATION_MODE = wholemodule;
				SWIFT_OPTIMIZATION_LEVEL = "-O";
				VALIDATE_PRODUCT = YES;
			};
			name = Release;
		};
		24129F40261B78E3004502F1 /* Debug */ = {
			isa = XCBuildConfiguration;
			buildSettings = {
				ASSETCATALOG_COMPILER_APPICON_NAME = AppIcon;
				ASSETCATALOG_COMPILER_GLOBAL_ACCENT_COLOR_NAME = AccentColor;
				CODE_SIGN_STYLE = Automatic;
				INFOPLIST_FILE = "First Assignment/Info.plist";
				LD_RUNPATH_SEARCH_PATHS = (
					"$(inherited)",
					"@executable_path/Frameworks",
				);
				PRODUCT_BUNDLE_IDENTIFIER = "algo.First-Assignment";
				PRODUCT_NAME = "$(TARGET_NAME)";
				SWIFT_VERSION = 5.0;
				TARGETED_DEVICE_FAMILY = "1,2";
			};
			name = Debug;
		};
		24129F41261B78E3004502F1 /* Release */ = {
			isa = XCBuildConfiguration;
			buildSettings = {
				ASSETCATALOG_COMPILER_APPICON_NAME = AppIcon;
				ASSETCATALOG_COMPILER_GLOBAL_ACCENT_COLOR_NAME = AccentColor;
				CODE_SIGN_STYLE = Automatic;
				INFOPLIST_FILE = "First Assignment/Info.plist";
				LD_RUNPATH_SEARCH_PATHS = (
					"$(inherited)",
					"@executable_path/Frameworks",
				);
				PRODUCT_BUNDLE_IDENTIFIER = "algo.First-Assignment";
				PRODUCT_NAME = "$(TARGET_NAME)";
				SWIFT_VERSION = 5.0;
				TARGETED_DEVICE_FAMILY = "1,2";
			};
			name = Release;
		};
/* End XCBuildConfiguration section */

/* Begin XCConfigurationList section */
		24129F26261B78E3004502F1 /* Build configuration list for PBXProject "First Assignment" */ = {
			isa = XCConfigurationList;
			buildConfigurations = (
				24129F3D261B78E3004502F1 /* Debug */,
				24129F3E261B78E3004502F1 /* Release */,
			);
			defaultConfigurationIsVisible = 0;
			defaultConfigurationName = Release;
		};
		24129F3F261B78E3004502F1 /* Build configuration list for PBXNativeTarget "First Assignment" */ = {
			isa = XCConfigurationList;
			buildConfigurations = (
				24129F40261B78E3004502F1 /* Debug */,
				24129F41261B78E3004502F1 /* Release */,
			);
			defaultConfigurationIsVisible = 0;
			defaultConfigurationName = Release;
		};
/* End XCConfigurationList section */
	};
	rootObject = 24129F23261B78E3004502F1 /* Project object */;
}
